
Microsoft Visual Studio Solution File, Format Version 12.00
# Visual Studio 14
VisualStudioVersion = 14.0.23107.0
MinimumVisualStudioVersion = 10.0.40219.1
Project("{FAE04EC0-301F-11D3-BF4B-00C04F79EFBC}") = "InstallerCA", "InstallerCA\InstallerCA.csproj", "{F135D7B8-747C-4C4F-A9FC-1F3A25FBD403}"
EndProject
Project("{930C7802-8A8C-48F9-8165-68863BCCD9DD}") = "ExcelAddInDeploy", "ExcelAddInDeploy\ExcelAddInDeploy.wixproj", "{9787F6FE-2779-410B-B4EF-A04D2C6C7EEA}"
EndProject
Project("{FAE04EC0-301F-11D3-BF4B-00C04F79EFBC}") = "TEconomics", "..\..\..\..\excel-addin\testClassLib\testClassLib\testClassLib\TEconomics.csproj", "{1A5B1D07-B5B8-4537-A35D-45D3B58A2CB1}"
EndProject
Global
	GlobalSection(SolutionConfigurationPlatforms) = preSolution
		Debug|Any CPU = Debug|Any CPU
		Debug|Mixed Platforms = Debug|Mixed Platforms
		Debug|x86 = Debug|x86
		Release|Any CPU = Release|Any CPU
		Release|Mixed Platforms = Release|Mixed Platforms
		Release|x86 = Release|x86
	EndGlobalSection
	GlobalSection(ProjectConfigurationPlatforms) = postSolution
		{F135D7B8-747C-4C4F-A9FC-1F3A25FBD403}.Debug|Any CPU.ActiveCfg = Debug|Any CPU
		{F135D7B8-747C-4C4F-A9FC-1F3A25FBD403}.Debug|Any CPU.Build.0 = Debug|Any CPU
		{F135D7B8-747C-4C4F-A9FC-1F3A25FBD403}.Debug|Mixed Platforms.ActiveCfg = Debug|Any CPU
		{F135D7B8-747C-4C4F-A9FC-1F3A25FBD403}.Debug|Mixed Platforms.Build.0 = Debug|Any CPU
		{F135D7B8-747C-4C4F-A9FC-1F3A25FBD403}.Debug|x86.ActiveCfg = Debug|Any CPU
		{F135D7B8-747C-4C4F-A9FC-1F3A25FBD403}.Release|Any CPU.ActiveCfg = Release|Any CPU
		{F135D7B8-747C-4C4F-A9FC-1F3A25FBD403}.Release|Any CPU.Build.0 = Release|Any CPU
		{F135D7B8-747C-4C4F-A9FC-1F3A25FBD403}.Release|Mixed Platforms.ActiveCfg = Release|Any CPU
		{F135D7B8-747C-4C4F-A9FC-1F3A25FBD403}.Release|Mixed Platforms.Build.0 = Release|Any CPU
		{F135D7B8-747C-4C4F-A9FC-1F3A25FBD403}.Release|x86.ActiveCfg = Release|Any CPU
		{9787F6FE-2779-410B-B4EF-A04D2C6C7EEA}.Debug|Any CPU.ActiveCfg = Debug|x86
		{9787F6FE-2779-410B-B4EF-A04D2C6C7EEA}.Debug|Mixed Platforms.ActiveCfg = Debug|x86
		{9787F6FE-2779-410B-B4EF-A04D2C6C7EEA}.Debug|Mixed Platforms.Build.0 = Debug|x86
		{9787F6FE-2779-410B-B4EF-A04D2C6C7EEA}.Debug|x86.ActiveCfg = Debug|x86
		{9787F6FE-2779-410B-B4EF-A04D2C6C7EEA}.Debug|x86.Build.0 = Debug|x86
		{9787F6FE-2779-410B-B4EF-A04D2C6C7EEA}.Release|Any CPU.ActiveCfg = Release|x86
		{9787F6FE-2779-410B-B4EF-A04D2C6C7EEA}.Release|Mixed Platforms.ActiveCfg = Release|x86
		{9787F6FE-2779-410B-B4EF-A04D2C6C7EEA}.Release|Mixed Platforms.Build.0 = Release|x86
		{9787F6FE-2779-410B-B4EF-A04D2C6C7EEA}.Release|x86.ActiveCfg = Release|x86
		{9787F6FE-2779-410B-B4EF-A04D2C6C7EEA}.Release|x86.Build.0 = Release|x86
		{1A5B1D07-B5B8-4537-A35D-45D3B58A2CB1}.Debug|Any CPU.ActiveCfg = Debug|Any CPU
		{1A5B1D07-B5B8-4537-A35D-45D3B58A2CB1}.Debug|Any CPU.Build.0 = Debug|Any CPU
		{1A5B1D07-B5B8-4537-A35D-45D3B58A2CB1}.Debug|Mixed Platforms.ActiveCfg = Debug|Any CPU
		{1A5B1D07-B5B8-4537-A35D-45D3B58A2CB1}.Debug|Mixed Platforms.Build.0 = Debug|Any CPU
		{1A5B1D07-B5B8-4537-A35D-45D3B58A2CB1}.Debug|x86.ActiveCfg = Debug|Any CPU
		{1A5B1D07-B5B8-4537-A35D-45D3B58A2CB1}.Debug|x86.Build.0 = Debug|Any CPU
		{1A5B1D07-B5B8-4537-A35D-45D3B58A2CB1}.Release|Any CPU.ActiveCfg = Release|Any CPU
		{1A5B1D07-B5B8-4537-A35D-45D3B58A2CB1}.Release|Any CPU.Build.0 = Release|Any CPU
		{1A5B1D07-B5B8-4537-A35D-45D3B58A2CB1}.Release|Mixed Platforms.ActiveCfg = Release|Any CPU
		{1A5B1D07-B5B8-4537-A35D-45D3B58A2CB1}.Release|Mixed Platforms.Build.0 = Release|Any CPU
		{1A5B1D07-B5B8-4537-A35D-45D3B58A2CB1}.Release|x86.ActiveCfg = Release|Any CPU
		{1A5B1D07-B5B8-4537-A35D-45D3B58A2CB1}.Release|x86.Build.0 = Release|Any CPU
	EndGlobalSection
	GlobalSection(SolutionProperties) = preSolution
		HideSolutionNode = FALSE
	EndGlobalSection
EndGlobal
