{
  "name": "tradingeconomics",
  "version": "1.0.0",
  "lockfileVersion": 2,
  "requires": true,
  "packages": {
    "": {
      "name": "tradingeconomics",
      "version": "1.0.0",
      "license": "ISC",
      "dependencies": {
        "tradingeconomics-stream": "^0.2.0"
      },
      "devDependencies": {
        "@types/node": "^18.11.18"
      }
    },
    "node_modules/@types/node": {
      "version": "18.11.18",
      "resolved": "https://registry.npmjs.org/@types/node/-/node-18.11.18.tgz",
      "integrity": "sha512-DHQpWGjyQKSHj3ebjFI/wRKcqQcdR+MoFBygntYOZytCqNfkd2ZC4ARDJ2DQqhjH5p85Nnd3jhUJIXrszFX/JA==",
      "dev": true
    },
    "node_modules/tradingeconomics-stream": {
      "version": "0.2.0",
      "resolved": "https://registry.npmjs.org/tradingeconomics-stream/-/tradingeconomics-stream-0.2.0.tgz",
      "integrity": "sha512-mG81m32D2NRD7i4pIAfRpESwSaguPJKAAC2PXyCfXvKd69Hkr6Gzyb9xwMYfShtICTF4z3ARKiso0gLoup/zJQ==",
      "dependencies": {
        "ws": "^7.3.0"
      }
    },
    "node_modules/ws": {
      "version": "7.5.9",
      "resolved": "https://registry.npmjs.org/ws/-/ws-7.5.9.tgz",
      "integrity": "sha512-F+P9Jil7UiSKSkppIiD94dN07AwvFixvLIj1Og1Rl9GGMuNipJnV9JzjD6XuqmAeiswGvUmNLjr5cFuXwNS77Q==",
      "engines": {
        "node": ">=8.3.0"
      },
      "peerDependencies": {
        "bufferutil": "^4.0.1",
        "utf-8-validate": "^5.0.2"
      },
      "peerDependenciesMeta": {
        "bufferutil": {
          "optional": true
        },
        "utf-8-validate": {
          "optional": true
        }
      }
    }
  },
  "dependencies": {
    "@types/node": {
      "version": "18.11.18",
      "resolved": "https://registry.npmjs.org/@types/node/-/node-18.11.18.tgz",
      "integrity": "sha512-DHQpWGjyQKSHj3ebjFI/wRKcqQcdR+MoFBygntYOZytCqNfkd2ZC4ARDJ2DQqhjH5p85Nnd3jhUJIXrszFX/JA==",
      "dev": true
    },
    "tradingeconomics-stream": {
      "version": "0.2.0",
      "resolved": "https://registry.npmjs.org/tradingeconomics-stream/-/tradingeconomics-stream-0.2.0.tgz",
      "integrity": "sha512-mG81m32D2NRD7i4pIAfRpESwSaguPJKAAC2PXyCfXvKd69Hkr6Gzyb9xwMYfShtICTF4z3ARKiso0gLoup/zJQ==",
      "requires": {
        "ws": "^7.3.0"
      }
    },
    "ws": {
      "version": "7.5.9",
      "resolved": "https://registry.npmjs.org/ws/-/ws-7.5.9.tgz",
      "integrity": "sha512-F+P9Jil7UiSKSkppIiD94dN07AwvFixvLIj1Og1Rl9GGMuNipJnV9JzjD6XuqmAeiswGvUmNLjr5cFuXwNS77Q==",
      "requires": {}
    }
  }
}
