
Microsoft Visual Studio Solution File, Format Version 12.00
# Visual Studio 15
VisualStudioVersion = 15.0.28010.2003
MinimumVisualStudioVersion = 10.0.40219.1
Project("{FAE04EC0-301F-11D3-BF4B-00C04F79EFBC}") = "webSocket", "webSocket\webSocket.csproj", "{B211A9FA-4F32-40AC-8B51-48EF020A5181}"
EndProject
Global
	GlobalSection(SolutionConfigurationPlatforms) = preSolution
		Debug|Any CPU = Debug|Any CPU
		Release|Any CPU = Release|Any CPU
	EndGlobalSection
	GlobalSection(ProjectConfigurationPlatforms) = postSolution
		{B211A9FA-4F32-40AC-8B51-48EF020A5181}.Debug|Any CPU.ActiveCfg = Debug|Any CPU
		{B211A9FA-4F32-40AC-8B51-48EF020A5181}.Debug|Any CPU.Build.0 = Debug|Any CPU
		{B211A9FA-4F32-40AC-8B51-48EF020A5181}.Release|Any CPU.ActiveCfg = Release|Any CPU
		{B211A9FA-4F32-40AC-8B51-48EF020A5181}.Release|Any CPU.Build.0 = Release|Any CPU
	EndGlobalSection
	GlobalSection(SolutionProperties) = preSolution
		HideSolutionNode = FALSE
	EndGlobalSection
	GlobalSection(ExtensibilityGlobals) = postSolution
		SolutionGuid = {20F5E2B9-8F12-431B-AB33-7F284EEA2F23}
	EndGlobalSection
EndGlobal
