
Microsoft Visual Studio Solution File, Format Version 12.00
# Visual Studio Version 17
VisualStudioVersion = 17.6.33723.286
MinimumVisualStudioVersion = 10.0.40219.1
Project("{FAE04EC0-301F-11D3-BF4B-00C04F79EFBC}") = "TE", "TE\TE.csproj", "{1B7B328E-BAF1-4D6E-BA06-6AAB7328F8BA}"
EndProject
Global
	GlobalSection(SolutionConfigurationPlatforms) = preSolution
		Debug|Any CPU = Debug|Any CPU
		Release|Any CPU = Release|Any CPU
	EndGlobalSection
	GlobalSection(ProjectConfigurationPlatforms) = postSolution
		{1B7B328E-BAF1-4D6E-BA06-6AAB7328F8BA}.Debug|Any CPU.ActiveCfg = Debug|Any CPU
		{1B7B328E-BAF1-4D6E-BA06-6AAB7328F8BA}.Debug|Any CPU.Build.0 = Debug|Any CPU
		{1B7B328E-BAF1-4D6E-BA06-6AAB7328F8BA}.Release|Any CPU.ActiveCfg = Release|Any CPU
		{1B7B328E-BAF1-4D6E-BA06-6AAB7328F8BA}.Release|Any CPU.Build.0 = Release|Any CPU
	EndGlobalSection
	GlobalSection(SolutionProperties) = preSolution
		HideSolutionNode = FALSE
	EndGlobalSection
	GlobalSection(ExtensibilityGlobals) = postSolution
		SolutionGuid = {78E5FF73-D63A-4916-999C-76CCBC92C5CB}
	EndGlobalSection
EndGlobal
