{
  "name": "nodejs",
  "version": "1.0.0",
  "lockfileVersion": 2,
  "requires": true,
  "packages": {
    "": {
      "name": "nodejs",
      "version": "1.0.0",
      "license": "ISC",
      "dependencies": {
        "ws": "^0.7.2"
      }
    },
    "node_modules/bindings": {
      "version": "1.2.1",
      "resolved": "https://registry.npmjs.org/bindings/-/bindings-1.2.1.tgz",
      "integrity": "sha1-FK1hE4EtLTfXLme0ystLtyZQXxE=",
      "optional": true
    },
    "node_modules/bufferutil": {
      "version": "1.1.0",
      "resolved": "https://registry.npmjs.org/bufferutil/-/bufferutil-1.1.0.tgz",
      "integrity": "sha1-P5a+d6f4ZS/2nvKfHKvIuJ9/2XI=",
      "hasInstallScript": true,
      "optional": true,
      "dependencies": {
        "bindings": "1.2.x",
        "nan": "1.8.x"
      }
    },
    "node_modules/nan": {
      "version": "1.8.4",
      "resolved": "https://registry.npmjs.org/nan/-/nan-1.8.4.tgz",
      "integrity": "sha1-PHa1OC6rM+RLdY0oE8qdkuk0LzQ=",
      "optional": true
    },
    "node_modules/options": {
      "version": "0.0.6",
      "resolved": "https://registry.npmjs.org/options/-/options-0.0.6.tgz",
      "integrity": "sha1-7CLTEoBrtT5zF3Pnza788cZDEo8=",
      "engines": {
        "node": ">=0.4.0"
      }
    },
    "node_modules/ultron": {
      "version": "1.0.2",
      "resolved": "https://registry.npmjs.org/ultron/-/ultron-1.0.2.tgz",
      "integrity": "sha1-rOEWq1V80Zc4ak6I9GhTeMiy5Po="
    },
    "node_modules/utf-8-validate": {
      "version": "1.1.0",
      "resolved": "https://registry.npmjs.org/utf-8-validate/-/utf-8-validate-1.1.0.tgz",
      "integrity": "sha1-UhprshidCzB93Ft5w8laX9gIXbQ=",
      "hasInstallScript": true,
      "optional": true,
      "dependencies": {
        "bindings": "1.2.x",
        "nan": "1.8.x"
      }
    },
    "node_modules/ws": {
      "version": "0.7.2",
      "resolved": "https://registry.npmjs.org/ws/-/ws-0.7.2.tgz",
      "integrity": "sha512-8mJ1Ku743qD/PKmO9Dg+y7BXTwzUgKdXguecfIyOVHFmez4JMqMF+V+M684btmQXHlwzyrJqRl3NYDltGDf6CQ==",
      "dependencies": {
        "options": ">=0.0.5",
        "ultron": "1.0.x"
      },
      "optionalDependencies": {
        "bufferutil": "1.1.x",
        "utf-8-validate": "1.1.x"
      }
    }
  },
  "dependencies": {
    "bindings": {
      "version": "1.2.1",
      "resolved": "https://registry.npmjs.org/bindings/-/bindings-1.2.1.tgz",
      "integrity": "sha1-FK1hE4EtLTfXLme0ystLtyZQXxE=",
      "optional": true
    },
    "bufferutil": {
      "version": "1.1.0",
      "resolved": "https://registry.npmjs.org/bufferutil/-/bufferutil-1.1.0.tgz",
      "integrity": "sha1-P5a+d6f4ZS/2nvKfHKvIuJ9/2XI=",
      "optional": true,
      "requires": {
        "bindings": "1.2.x",
        "nan": "1.8.x"
      }
    },
    "nan": {
      "version": "1.8.4",
      "resolved": "https://registry.npmjs.org/nan/-/nan-1.8.4.tgz",
      "integrity": "sha1-PHa1OC6rM+RLdY0oE8qdkuk0LzQ=",
      "optional": true
    },
    "options": {
      "version": "0.0.6",
      "resolved": "https://registry.npmjs.org/options/-/options-0.0.6.tgz",
      "integrity": "sha1-7CLTEoBrtT5zF3Pnza788cZDEo8="
    },
    "ultron": {
      "version": "1.0.2",
      "resolved": "https://registry.npmjs.org/ultron/-/ultron-1.0.2.tgz",
      "integrity": "sha1-rOEWq1V80Zc4ak6I9GhTeMiy5Po="
    },
    "utf-8-validate": {
      "version": "1.1.0",
      "resolved": "https://registry.npmjs.org/utf-8-validate/-/utf-8-validate-1.1.0.tgz",
      "integrity": "sha1-UhprshidCzB93Ft5w8laX9gIXbQ=",
      "optional": true,
      "requires": {
        "bindings": "1.2.x",
        "nan": "1.8.x"
      }
    },
    "ws": {
      "version": "0.7.2",
      "resolved": "https://registry.npmjs.org/ws/-/ws-0.7.2.tgz",
      "integrity": "sha512-8mJ1Ku743qD/PKmO9Dg+y7BXTwzUgKdXguecfIyOVHFmez4JMqMF+V+M684btmQXHlwzyrJqRl3NYDltGDf6CQ==",
      "requires": {
        "bufferutil": "1.1.x",
        "options": ">=0.0.5",
        "ultron": "1.0.x",
        "utf-8-validate": "1.1.x"
      }
    }
  }
}
