
Microsoft Visual Studio Solution File, Format Version 12.00
# Visual Studio 2012
Project("{2150E333-8FDC-42A3-9474-1A3956D46DE8}") = "setup", "setup", "{3FC6FBC1-22A9-46BE-8A7C-8F779B355E10}"
EndProject
Project("{930C7802-8A8C-48F9-8165-68863BCCD9DD}") = "mySampleWixSetup", "mySampleWiXSetup\mySampleWixSetup.wixproj", "{1675BDAA-FBA7-4DFD-9108-2F8FC154EFD1}"
EndProject
Project("{FAE04EC0-301F-11D3-BF4B-00C04F79EFBC}") = "mySampleWiXSetupCA", "mySampleWiXSetupCA\mySampleWiXSetupCA.csproj", "{FE3BCF72-1BB7-4BD5-AD8E-3F72FDB37A84}"
EndProject
Project("{FAE04EC0-301F-11D3-BF4B-00C04F79EFBC}") = "mySample", "mySample\mySample.csproj", "{A8721679-D743-408D-BEAA-49CCB78C4F32}"
EndProject
Project("{FAE04EC0-301F-11D3-BF4B-00C04F79EFBC}") = "manageOpenKey", "manageOpenKey\manageOpenKey.csproj", "{059C99BE-43CB-4B0D-8222-282617D239D5}"
EndProject
Global
	GlobalSection(SolutionConfigurationPlatforms) = preSolution
		Debug|Any CPU = Debug|Any CPU
		Debug|Mixed Platforms = Debug|Mixed Platforms
		Debug|x64 = Debug|x64
		Debug|x86 = Debug|x86
		Release|Any CPU = Release|Any CPU
		Release|Mixed Platforms = Release|Mixed Platforms
		Release|x64 = Release|x64
		Release|x86 = Release|x86
	EndGlobalSection
	GlobalSection(ProjectConfigurationPlatforms) = postSolution
		{1675BDAA-FBA7-4DFD-9108-2F8FC154EFD1}.Debug|Any CPU.ActiveCfg = Debug|x86
		{1675BDAA-FBA7-4DFD-9108-2F8FC154EFD1}.Debug|Mixed Platforms.ActiveCfg = Debug|x86
		{1675BDAA-FBA7-4DFD-9108-2F8FC154EFD1}.Debug|Mixed Platforms.Build.0 = Debug|x86
		{1675BDAA-FBA7-4DFD-9108-2F8FC154EFD1}.Debug|x64.ActiveCfg = Debug|x86
		{1675BDAA-FBA7-4DFD-9108-2F8FC154EFD1}.Debug|x86.ActiveCfg = Debug|x86
		{1675BDAA-FBA7-4DFD-9108-2F8FC154EFD1}.Debug|x86.Build.0 = Debug|x86
		{1675BDAA-FBA7-4DFD-9108-2F8FC154EFD1}.Release|Any CPU.ActiveCfg = Release|x86
		{1675BDAA-FBA7-4DFD-9108-2F8FC154EFD1}.Release|Mixed Platforms.ActiveCfg = Release|x86
		{1675BDAA-FBA7-4DFD-9108-2F8FC154EFD1}.Release|Mixed Platforms.Build.0 = Release|x86
		{1675BDAA-FBA7-4DFD-9108-2F8FC154EFD1}.Release|x64.ActiveCfg = Release|x86
		{1675BDAA-FBA7-4DFD-9108-2F8FC154EFD1}.Release|x86.ActiveCfg = Release|x86
		{1675BDAA-FBA7-4DFD-9108-2F8FC154EFD1}.Release|x86.Build.0 = Release|x86
		{FE3BCF72-1BB7-4BD5-AD8E-3F72FDB37A84}.Debug|Any CPU.ActiveCfg = Debug|x86
		{FE3BCF72-1BB7-4BD5-AD8E-3F72FDB37A84}.Debug|Mixed Platforms.ActiveCfg = Debug|x86
		{FE3BCF72-1BB7-4BD5-AD8E-3F72FDB37A84}.Debug|Mixed Platforms.Build.0 = Debug|x86
		{FE3BCF72-1BB7-4BD5-AD8E-3F72FDB37A84}.Debug|x64.ActiveCfg = Debug|x86
		{FE3BCF72-1BB7-4BD5-AD8E-3F72FDB37A84}.Debug|x86.ActiveCfg = Debug|x86
		{FE3BCF72-1BB7-4BD5-AD8E-3F72FDB37A84}.Debug|x86.Build.0 = Debug|x86
		{FE3BCF72-1BB7-4BD5-AD8E-3F72FDB37A84}.Release|Any CPU.ActiveCfg = Release|x86
		{FE3BCF72-1BB7-4BD5-AD8E-3F72FDB37A84}.Release|Mixed Platforms.ActiveCfg = Release|x86
		{FE3BCF72-1BB7-4BD5-AD8E-3F72FDB37A84}.Release|Mixed Platforms.Build.0 = Release|x86
		{FE3BCF72-1BB7-4BD5-AD8E-3F72FDB37A84}.Release|x64.ActiveCfg = Release|x86
		{FE3BCF72-1BB7-4BD5-AD8E-3F72FDB37A84}.Release|x86.ActiveCfg = Release|x86
		{FE3BCF72-1BB7-4BD5-AD8E-3F72FDB37A84}.Release|x86.Build.0 = Release|x86
		{A8721679-D743-408D-BEAA-49CCB78C4F32}.Debug|Any CPU.ActiveCfg = Debug|Any CPU
		{A8721679-D743-408D-BEAA-49CCB78C4F32}.Debug|Any CPU.Build.0 = Debug|Any CPU
		{A8721679-D743-408D-BEAA-49CCB78C4F32}.Debug|Mixed Platforms.ActiveCfg = Debug|Any CPU
		{A8721679-D743-408D-BEAA-49CCB78C4F32}.Debug|Mixed Platforms.Build.0 = Debug|Any CPU
		{A8721679-D743-408D-BEAA-49CCB78C4F32}.Debug|x64.ActiveCfg = Debug|Any CPU
		{A8721679-D743-408D-BEAA-49CCB78C4F32}.Debug|x86.ActiveCfg = Debug|Any CPU
		{A8721679-D743-408D-BEAA-49CCB78C4F32}.Release|Any CPU.ActiveCfg = Release|Any CPU
		{A8721679-D743-408D-BEAA-49CCB78C4F32}.Release|Any CPU.Build.0 = Release|Any CPU
		{A8721679-D743-408D-BEAA-49CCB78C4F32}.Release|Mixed Platforms.ActiveCfg = Release|Any CPU
		{A8721679-D743-408D-BEAA-49CCB78C4F32}.Release|Mixed Platforms.Build.0 = Release|Any CPU
		{A8721679-D743-408D-BEAA-49CCB78C4F32}.Release|x64.ActiveCfg = Release|Any CPU
		{A8721679-D743-408D-BEAA-49CCB78C4F32}.Release|x86.ActiveCfg = Release|Any CPU
		{059C99BE-43CB-4B0D-8222-282617D239D5}.Debug|Any CPU.ActiveCfg = Debug|Any CPU
		{059C99BE-43CB-4B0D-8222-282617D239D5}.Debug|Any CPU.Build.0 = Debug|Any CPU
		{059C99BE-43CB-4B0D-8222-282617D239D5}.Debug|Mixed Platforms.ActiveCfg = Debug|Any CPU
		{059C99BE-43CB-4B0D-8222-282617D239D5}.Debug|Mixed Platforms.Build.0 = Debug|Any CPU
		{059C99BE-43CB-4B0D-8222-282617D239D5}.Debug|x64.ActiveCfg = Debug|Any CPU
		{059C99BE-43CB-4B0D-8222-282617D239D5}.Debug|x86.ActiveCfg = Debug|Any CPU
		{059C99BE-43CB-4B0D-8222-282617D239D5}.Release|Any CPU.ActiveCfg = Release|Any CPU
		{059C99BE-43CB-4B0D-8222-282617D239D5}.Release|Any CPU.Build.0 = Release|Any CPU
		{059C99BE-43CB-4B0D-8222-282617D239D5}.Release|Mixed Platforms.ActiveCfg = Release|Any CPU
		{059C99BE-43CB-4B0D-8222-282617D239D5}.Release|Mixed Platforms.Build.0 = Release|Any CPU
		{059C99BE-43CB-4B0D-8222-282617D239D5}.Release|x64.ActiveCfg = Release|Any CPU
		{059C99BE-43CB-4B0D-8222-282617D239D5}.Release|x86.ActiveCfg = Release|Any CPU
	EndGlobalSection
	GlobalSection(SolutionProperties) = preSolution
		HideSolutionNode = FALSE
	EndGlobalSection
	GlobalSection(NestedProjects) = preSolution
		{1675BDAA-FBA7-4DFD-9108-2F8FC154EFD1} = {3FC6FBC1-22A9-46BE-8A7C-8F779B355E10}
		{FE3BCF72-1BB7-4BD5-AD8E-3F72FDB37A84} = {3FC6FBC1-22A9-46BE-8A7C-8F779B355E10}
		{059C99BE-43CB-4B0D-8222-282617D239D5} = {3FC6FBC1-22A9-46BE-8A7C-8F779B355E10}
	EndGlobalSection
EndGlobal
